Microsoft Visual Studio Solution File, Format Version 11.00
# Visual Studio 2008

Project("{86179927-2A25-FD8B-A46C-8672B0EE8E4D}") = "AdColonySampleAppUnity3.5.6", "Assembly-CSharp-firstpass.csproj", "{D0CB891E-FE62-B80B-E6B6-A5882C008811}"
EndProject
Project("{86179927-2A25-FD8B-A46C-8672B0EE8E4D}") = "AdColonySampleAppUnity3.5.6", "Assembly-CSharp.csproj", "{1E72E1E4-2CFB-FED2-EE36-0E987C67B1FD}"
EndProject
Project("{86179927-2A25-FD8B-A46C-8672B0EE8E4D}") = "AdColonySampleAppUnity3.5.6", "Assembly-CSharp-Editor.csproj", "{F0394BAB-C18B-2337-FF0A-35AF8AD978B7}"
EndProject
Global
	GlobalSection(SolutionConfigurationPlatforms) = preSolution
		Debug|Any CPU = Debug|Any CPU
		Release|Any CPU = Release|Any CPU
	EndGlobalSection
	GlobalSection(ProjectConfigurationPlatforms) = postSolution
		{D0CB891E-FE62-B80B-E6B6-A5882C008811}.Debug|Any CPU.ActiveCfg = Debug|Any CPU
		{D0CB891E-FE62-B80B-E6B6-A5882C008811}.Debug|Any CPU.Build.0 = Debug|Any CPU
		{D0CB891E-FE62-B80B-E6B6-A5882C008811}.Release|Any CPU.ActiveCfg = Release|Any CPU
		{D0CB891E-FE62-B80B-E6B6-A5882C008811}.Release|Any CPU.Build.0 = Release|Any CPU
		{1E72E1E4-2CFB-FED2-EE36-0E987C67B1FD}.Debug|Any CPU.ActiveCfg = Debug|Any CPU
		{1E72E1E4-2CFB-FED2-EE36-0E987C67B1FD}.Debug|Any CPU.Build.0 = Debug|Any CPU
		{1E72E1E4-2CFB-FED2-EE36-0E987C67B1FD}.Release|Any CPU.ActiveCfg = Release|Any CPU
		{1E72E1E4-2CFB-FED2-EE36-0E987C67B1FD}.Release|Any CPU.Build.0 = Release|Any CPU
		{F0394BAB-C18B-2337-FF0A-35AF8AD978B7}.Debug|Any CPU.ActiveCfg = Debug|Any CPU
		{F0394BAB-C18B-2337-FF0A-35AF8AD978B7}.Debug|Any CPU.Build.0 = Debug|Any CPU
		{F0394BAB-C18B-2337-FF0A-35AF8AD978B7}.Release|Any CPU.ActiveCfg = Release|Any CPU
		{F0394BAB-C18B-2337-FF0A-35AF8AD978B7}.Release|Any CPU.Build.0 = Release|Any CPU
	EndGlobalSection
	GlobalSection(SolutionProperties) = preSolution
		HideSolutionNode = FALSE
	EndGlobalSection
																		GlobalSection(MonoDevelopProperties) = preSolution
		StartupItem = Assembly-CSharp.csproj
		Policies = $0
		$0.TextStylePolicy = $1
		$1.inheritsSet = null
		$1.scope = text/x-csharp
		$0.CSharpFormattingPolicy = $2
		$2.inheritsSet = Mono
		$2.inheritsScope = text/x-csharp
		$2.scope = text/x-csharp
		$0.TextStylePolicy = $3
		$3.FileWidth = 120
		$3.TabWidth = 4
		$3.EolMarker = Unix
		$3.inheritsSet = Mono
		$3.inheritsScope = text/plain
		$3.scope = text/plain
	EndGlobalSection

EndGlobal
